Microsoft Visual Studio Solution File, Format Version 12.00
# Visual Studio 16
Project("{2150E333-8FDC-42A3-9474-1A3956D46DE8}") = "CMakePredefinedTargets", "CMakePredefinedTargets", "{C18F377B-5F90-31CF-B06A-71E3AF671FDE}"
EndProject
Project("{2150E333-8FDC-42A3-9474-1A3956D46DE8}") = "GLFW3", "GLFW3", "{C8D449AA-B998-3267-A250-57D479B95C44}"
EndProject
Project("{8BC9CEB8-8B4A-11D0-8D11-00A0C91BC942}") = "ALL_BUILD", "ALL_BUILD.vcxproj", "{6DABC1C6-377C-36E7-B87A-564AAAEF87EF}"
	ProjectSection(ProjectDependencies) = postProject
		{CD7B86B4-7BF1-34A0-89EB-85A1418DBFA3} = {CD7B86B4-7BF1-34A0-89EB-85A1418DBFA3}
		{3AC3CD09-53B9-3D67-BAD5-C321837BA59F} = {3AC3CD09-53B9-3D67-BAD5-C321837BA59F}
	EndProjectSection
EndProject
Project("{8BC9CEB8-8B4A-11D0-8D11-00A0C91BC942}") = "INSTALL", "INSTALL.vcxproj", "{AB59F127-E8F6-37AE-84BE-77E5A7A42C48}"
	ProjectSection(ProjectDependencies) = postProject
		{6DABC1C6-377C-36E7-B87A-564AAAEF87EF} = {6DABC1C6-377C-36E7-B87A-564AAAEF87EF}
		{CD7B86B4-7BF1-34A0-89EB-85A1418DBFA3} = {CD7B86B4-7BF1-34A0-89EB-85A1418DBFA3}
	EndProjectSection
EndProject
Project("{8BC9CEB8-8B4A-11D0-8D11-00A0C91BC942}") = "ZERO_CHECK", "..\..\\ZERO_CHECK.vcxproj", "{CD7B86B4-7BF1-34A0-89EB-85A1418DBFA3}"
	ProjectSection(ProjectDependencies) = postProject
	EndProjectSection
EndProject
Project("{8BC9CEB8-8B4A-11D0-8D11-00A0C91BC942}") = "glfw", "src\glfw.vcxproj", "{3AC3CD09-53B9-3D67-BAD5-C321837BA59F}"
	ProjectSection(ProjectDependencies) = postProject
		{CD7B86B4-7BF1-34A0-89EB-85A1418DBFA3} = {CD7B86B4-7BF1-34A0-89EB-85A1418DBFA3}
	EndProjectSection
EndProject
Project("{8BC9CEB8-8B4A-11D0-8D11-00A0C91BC942}") = "uninstall", "uninstall.vcxproj", "{175FCA25-2B4F-37A6-8F20-15D65A20EDBA}"
	ProjectSection(ProjectDependencies) = postProject
		{CD7B86B4-7BF1-34A0-89EB-85A1418DBFA3} = {CD7B86B4-7BF1-34A0-89EB-85A1418DBFA3}
	EndProjectSection
EndProject
Global
	GlobalSection(SolutionConfigurationPlatforms) = preSolution
		Debug|x64 = Debug|x64
		Release|x64 = Release|x64
		MinSizeRel|x64 = MinSizeRel|x64
		RelWithDebInfo|x64 = RelWithDebInfo|x64
	EndGlobalSection
	GlobalSection(ProjectConfigurationPlatforms) = postSolution
		{6DABC1C6-377C-36E7-B87A-564AAAEF87EF}.Debug|x64.ActiveCfg = Debug|x64
		{6DABC1C6-377C-36E7-B87A-564AAAEF87EF}.Debug|x64.Build.0 = Debug|x64
		{6DABC1C6-377C-36E7-B87A-564AAAEF87EF}.Release|x64.ActiveCfg = Release|x64
		{6DABC1C6-377C-36E7-B87A-564AAAEF87EF}.Release|x64.Build.0 = Release|x64
		{6DABC1C6-377C-36E7-B87A-564AAAEF87EF}.MinSizeRel|x64.ActiveCfg = MinSizeRel|x64
		{6DABC1C6-377C-36E7-B87A-564AAAEF87EF}.MinSizeRel|x64.Build.0 = MinSizeRel|x64
		{6DABC1C6-377C-36E7-B87A-564AAAEF87EF}.RelWithDebInfo|x64.ActiveCfg = RelWithDebInfo|x64
		{6DABC1C6-377C-36E7-B87A-564AAAEF87EF}.RelWithDebInfo|x64.Build.0 = RelWithDebInfo|x64
		{AB59F127-E8F6-37AE-84BE-77E5A7A42C48}.Debug|x64.ActiveCfg = Debug|x64
		{AB59F127-E8F6-37AE-84BE-77E5A7A42C48}.Release|x64.ActiveCfg = Release|x64
		{AB59F127-E8F6-37AE-84BE-77E5A7A42C48}.MinSizeRel|x64.ActiveCfg = MinSizeRel|x64
		{AB59F127-E8F6-37AE-84BE-77E5A7A42C48}.RelWithDebInfo|x64.ActiveCfg = RelWithDebInfo|x64
		{CD7B86B4-7BF1-34A0-89EB-85A1418DBFA3}.Debug|x64.ActiveCfg = Debug|x64
		{CD7B86B4-7BF1-34A0-89EB-85A1418DBFA3}.Debug|x64.Build.0 = Debug|x64
		{CD7B86B4-7BF1-34A0-89EB-85A1418DBFA3}.Release|x64.ActiveCfg = Release|x64
		{CD7B86B4-7BF1-34A0-89EB-85A1418DBFA3}.Release|x64.Build.0 = Release|x64
		{CD7B86B4-7BF1-34A0-89EB-85A1418DBFA3}.MinSizeRel|x64.ActiveCfg = MinSizeRel|x64
		{CD7B86B4-7BF1-34A0-89EB-85A1418DBFA3}.MinSizeRel|x64.Build.0 = MinSizeRel|x64
		{CD7B86B4-7BF1-34A0-89EB-85A1418DBFA3}.RelWithDebInfo|x64.ActiveCfg = RelWithDebInfo|x64
		{CD7B86B4-7BF1-34A0-89EB-85A1418DBFA3}.RelWithDebInfo|x64.Build.0 = RelWithDebInfo|x64
		{3AC3CD09-53B9-3D67-BAD5-C321837BA59F}.Debug|x64.ActiveCfg = Debug|x64
		{3AC3CD09-53B9-3D67-BAD5-C321837BA59F}.Debug|x64.Build.0 = Debug|x64
		{3AC3CD09-53B9-3D67-BAD5-C321837BA59F}.Release|x64.ActiveCfg = Release|x64
		{3AC3CD09-53B9-3D67-BAD5-C321837BA59F}.Release|x64.Build.0 = Release|x64
		{3AC3CD09-53B9-3D67-BAD5-C321837BA59F}.MinSizeRel|x64.ActiveCfg = MinSizeRel|x64
		{3AC3CD09-53B9-3D67-BAD5-C321837BA59F}.MinSizeRel|x64.Build.0 = MinSizeRel|x64
		{3AC3CD09-53B9-3D67-BAD5-C321837BA59F}.RelWithDebInfo|x64.ActiveCfg = RelWithDebInfo|x64
		{3AC3CD09-53B9-3D67-BAD5-C321837BA59F}.RelWithDebInfo|x64.Build.0 = RelWithDebInfo|x64
		{175FCA25-2B4F-37A6-8F20-15D65A20EDBA}.Debug|x64.ActiveCfg = Debug|x64
		{175FCA25-2B4F-37A6-8F20-15D65A20EDBA}.Release|x64.ActiveCfg = Release|x64
		{175FCA25-2B4F-37A6-8F20-15D65A20EDBA}.MinSizeRel|x64.ActiveCfg = MinSizeRel|x64
		{175FCA25-2B4F-37A6-8F20-15D65A20EDBA}.RelWithDebInfo|x64.ActiveCfg = RelWithDebInfo|x64
	EndGlobalSection
	GlobalSection(NestedProjects) = preSolution
		{6DABC1C6-377C-36E7-B87A-564AAAEF87EF} = {C18F377B-5F90-31CF-B06A-71E3AF671FDE}
		{AB59F127-E8F6-37AE-84BE-77E5A7A42C48} = {C18F377B-5F90-31CF-B06A-71E3AF671FDE}
		{CD7B86B4-7BF1-34A0-89EB-85A1418DBFA3} = {C18F377B-5F90-31CF-B06A-71E3AF671FDE}
		{3AC3CD09-53B9-3D67-BAD5-C321837BA59F} = {C8D449AA-B998-3267-A250-57D479B95C44}
		{175FCA25-2B4F-37A6-8F20-15D65A20EDBA} = {C8D449AA-B998-3267-A250-57D479B95C44}
	EndGlobalSection
	GlobalSection(ExtensibilityGlobals) = postSolution
		SolutionGuid = {DF774E85-4F93-393A-B587-46806C30BC04}
	EndGlobalSection
	GlobalSection(ExtensibilityAddIns) = postSolution
	EndGlobalSection
EndGlobal
